
Microsoft Visual Studio Solution File, Format Version 12.00
# Visual Studio Version 17
VisualStudioVersion = 17.10.34928.147
MinimumVisualStudioVersion = 10.0.40219.1
Project("{FAE04EC0-301F-11D3-BF4B-00C04F79EFBC}") = "QuickShortcuts.API", "QuickShortcuts.API\QuickShortcuts.API.csproj", "{B6EBF190-FC82-4432-B0F0-E79EC213A2E0}"
EndProject
Project("{FAE04EC0-301F-11D3-BF4B-00C04F79EFBC}") = "QuickShortcuts.Client", "QuickShortcuts.Client\QuickShortcuts.Client.csproj", "{20177CAF-8BEC-4BBA-BD0B-15DF55C17966}"
EndProject
Global
	GlobalSection(SolutionConfigurationPlatforms) = preSolution
		Debug|Any CPU = Debug|Any CPU
		Release|Any CPU = Release|Any CPU
	EndGlobalSection
	GlobalSection(ProjectConfigurationPlatforms) = postSolution
		{B6EBF190-FC82-4432-B0F0-E79EC213A2E0}.Debug|Any CPU.ActiveCfg = Debug|Any CPU
		{B6EBF190-FC82-4432-B0F0-E79EC213A2E0}.Debug|Any CPU.Build.0 = Debug|Any CPU
		{B6EBF190-FC82-4432-B0F0-E79EC213A2E0}.Release|Any CPU.ActiveCfg = Release|Any CPU
		{B6EBF190-FC82-4432-B0F0-E79EC213A2E0}.Release|Any CPU.Build.0 = Release|Any CPU
		{20177CAF-8BEC-4BBA-BD0B-15DF55C17966}.Debug|Any CPU.ActiveCfg = Debug|Any CPU
		{20177CAF-8BEC-4BBA-BD0B-15DF55C17966}.Debug|Any CPU.Build.0 = Debug|Any CPU
		{20177CAF-8BEC-4BBA-BD0B-15DF55C17966}.Release|Any CPU.ActiveCfg = Release|Any CPU
		{20177CAF-8BEC-4BBA-BD0B-15DF55C17966}.Release|Any CPU.Build.0 = Release|Any CPU
	EndGlobalSection
	GlobalSection(SolutionProperties) = preSolution
		HideSolutionNode = FALSE
	EndGlobalSection
	GlobalSection(ExtensibilityGlobals) = postSolution
		SolutionGuid = {442C416C-FD42-429B-B004-CB83746B21E8}
	EndGlobalSection
EndGlobal
